
Microsoft Visual Studio Solution File, Format Version 12.00
# Visual Studio Version 16
VisualStudioVersion = 16.0.28803.202
MinimumVisualStudioVersion = 10.0.40219.1
Project("{FAE04EC0-301F-11D3-BF4B-00C04F79EFBC}") = "Vidly", "Vidly\Vidly.csproj", "{B7B64494-EC5B-44AA-A682-97E3E6377B09}"
EndProject
Global
	GlobalSection(SolutionConfigurationPlatforms) = preSolution
		Debug|Any CPU = Debug|Any CPU
		Release|Any CPU = Release|Any CPU
	EndGlobalSection
	GlobalSection(ProjectConfigurationPlatforms) = postSolution
		{B7B64494-EC5B-44AA-A682-97E3E6377B09}.Debug|Any CPU.ActiveCfg = Debug|Any CPU
		{B7B64494-EC5B-44AA-A682-97E3E6377B09}.Debug|Any CPU.Build.0 = Debug|Any CPU
		{B7B64494-EC5B-44AA-A682-97E3E6377B09}.Release|Any CPU.ActiveCfg = Release|Any CPU
		{B7B64494-EC5B-44AA-A682-97E3E6377B09}.Release|Any CPU.Build.0 = Release|Any CPU
	EndGlobalSection
	GlobalSection(SolutionProperties) = preSolution
		HideSolutionNode = FALSE
	EndGlobalSection
	GlobalSection(ExtensibilityGlobals) = postSolution
		SolutionGuid = {18317231-7DB4-4615-8C3C-B294CE4291BE}
	EndGlobalSection
EndGlobal
